
Microsoft Visual Studio Solution File, Format Version 12.00
# Visual Studio Version 16
VisualStudioVersion = 16.0.31313.79
MinimumVisualStudioVersion = 10.0.40219.1
Project("{FAE04EC0-301F-11D3-BF4B-00C04F79EFBC}") = "PizzaClient", "PizzaClient\PizzaClient.csproj", "{82ECD496-0B39-4546-A544-ACFC78BEB648}"
EndProject
Global
	GlobalSection(SolutionConfigurationPlatforms) = preSolution
		Debug|Any CPU = Debug|Any CPU
		Release|Any CPU = Release|Any CPU
	EndGlobalSection
	GlobalSection(ProjectConfigurationPlatforms) = postSolution
		{82ECD496-0B39-4546-A544-ACFC78BEB648}.Debug|Any CPU.ActiveCfg = Debug|Any CPU
		{82ECD496-0B39-4546-A544-ACFC78BEB648}.Debug|Any CPU.Build.0 = Debug|Any CPU
		{82ECD496-0B39-4546-A544-ACFC78BEB648}.Release|Any CPU.ActiveCfg = Release|Any CPU
		{82ECD496-0B39-4546-A544-ACFC78BEB648}.Release|Any CPU.Build.0 = Release|Any CPU
	EndGlobalSection
	GlobalSection(SolutionProperties) = preSolution
		HideSolutionNode = FALSE
	EndGlobalSection
	GlobalSection(ExtensibilityGlobals) = postSolution
		SolutionGuid = {ED5BDE24-F7F9-4F7C-98CC-70F92A8131E4}
	EndGlobalSection
EndGlobal
